Microsoft Visual Studio Solution File, Format Version 12.00
# Visual Studio Version 17
VisualStudioVersion = 17.5.2.0
MinimumVisualStudioVersion = 10.0.40219.1
Project("{FAE04EC0-301F-11D3-BF4B-00C04F79EFBC}") = "nws-reader", "nws-reader.csproj", "{657AF8EA-4DC1-0C4A-1DC1-0AE36A3C98FF}"
EndProject
Global
	GlobalSection(SolutionConfigurationPlatforms) = preSolution
		Debug|Any CPU = Debug|Any CPU
		Release|Any CPU = Release|Any CPU
	EndGlobalSection
	GlobalSection(ProjectConfigurationPlatforms) = postSolution
		{657AF8EA-4DC1-0C4A-1DC1-0AE36A3C98FF}.Debug|Any CPU.ActiveCfg = Debug|Any CPU
		{657AF8EA-4DC1-0C4A-1DC1-0AE36A3C98FF}.Debug|Any CPU.Build.0 = Debug|Any CPU
		{657AF8EA-4DC1-0C4A-1DC1-0AE36A3C98FF}.Release|Any CPU.ActiveCfg = Release|Any CPU
		{657AF8EA-4DC1-0C4A-1DC1-0AE36A3C98FF}.Release|Any CPU.Build.0 = Release|Any CPU
	EndGlobalSection
	GlobalSection(SolutionProperties) = preSolution
		HideSolutionNode = FALSE
	EndGlobalSection
	GlobalSection(ExtensibilityGlobals) = postSolution
		SolutionGuid = {1643BD94-4052-41BF-AAC1-A0DBCD873874}
	EndGlobalSection
EndGlobal
